// !$*UTF8*$!
{
	archiveVersion = 1;
	classes = {
	};
	objectVersion = 56;
	objects = {

/* Begin PBXBuildFile section */
		1F8D8CFE2B767AE800B08F72 /* ProfileView.swift in Sources */ = {isa = PBXBuildFile; fileRef = 1F8D8CFD2B767AE800B08F72 /* ProfileView.swift */; };
		1F8D8D002B767B2F00B08F72 /* ToDoListItemView.swift in Sources */ = {isa = PBXBuildFile; fileRef = 1F8D8CFF2B767B2F00B08F72 /* ToDoListItemView.swift */; };
		1F8D8D022B767B5F00B08F72 /* NewItemView.swift in Sources */ = {isa = PBXBuildFile; fileRef = 1F8D8D012B767B5F00B08F72 /* NewItemView.swift */; };
		1F8D8D042B767BAA00B08F72 /* LoginView.swift in Sources */ = {isa = PBXBuildFile; fileRef = 1F8D8D032B767BAA00B08F72 /* LoginView.swift */; };
		1F8D8D062B767BBC00B08F72 /* RegistrationView.swift in Sources */ = {isa = PBXBuildFile; fileRef = 1F8D8D052B767BBC00B08F72 /* RegistrationView.swift */; };
		1F8D8D082B767C2800B08F72 /* TodoListView.swift in Sources */ = {isa = PBXBuildFile; fileRef = 1F8D8D072B767C2800B08F72 /* TodoListView.swift */; };
		1F8D8D0A2B767C9C00B08F72 /* User.swift in Sources */ = {isa = PBXBuildFile; fileRef = 1F8D8D092B767C9C00B08F72 /* User.swift */; };
		1F8D8D0C2B767CB900B08F72 /* ToDoListItem.swift in Sources */ = {isa = PBXBuildFile; fileRef = 1F8D8D0B2B767CB900B08F72 /* ToDoListItem.swift */; };
		1F8D8D0E2B767D2500B08F72 /* MainViewModel.swift in Sources */ = {isa = PBXBuildFile; fileRef = 1F8D8D0D2B767D2500B08F72 /* MainViewModel.swift */; };
		1F8D8D102B767D4100B08F72 /* ProfileViewModel.swift in Sources */ = {isa = PBXBuildFile; fileRef = 1F8D8D0F2B767D4100B08F72 /* ProfileViewModel.swift */; };
		1F8D8D122B767D7F00B08F72 /* ToDoListItemViewModel.swift in Sources */ = {isa = PBXBuildFile; fileRef = 1F8D8D112B767D7F00B08F72 /* ToDoListItemViewModel.swift */; };
		1F8D8D142B767DB500B08F72 /* NewItemViewModel.swift in Sources */ = {isa = PBXBuildFile; fileRef = 1F8D8D132B767DB500B08F72 /* NewItemViewModel.swift */; };
		1F8D8D162B767DCB00B08F72 /* LoginViewModel.swift in Sources */ = {isa = PBXBuildFile; fileRef = 1F8D8D152B767DCB00B08F72 /* LoginViewModel.swift */; };
		1F8D8D182B767DE500B08F72 /* RegistrationViewModel.swift in Sources */ = {isa = PBXBuildFile; fileRef = 1F8D8D172B767DE500B08F72 /* RegistrationViewModel.swift */; };
		1F8D8D1A2B767E0000B08F72 /* TodoListViewModel.swift in Sources */ = {isa = PBXBuildFile; fileRef = 1F8D8D192B767E0000B08F72 /* TodoListViewModel.swift */; };
		1F8D8D1C2B76864500B08F72 /* HeaderView.swift in Sources */ = {isa = PBXBuildFile; fileRef = 1F8D8D1B2B76864500B08F72 /* HeaderView.swift */; };
		1FD564652B75441300F4E552 /* ToDoListApp.swift in Sources */ = {isa = PBXBuildFile; fileRef = 1FD564642B75441300F4E552 /* ToDoListApp.swift */; };
		1FD564672B75441300F4E552 /* Mainview.swift in Sources */ = {isa = PBXBuildFile; fileRef = 1FD564662B75441300F4E552 /* Mainview.swift */; };
		1FD564692B75441400F4E552 /* Assets.xcassets in Resources */ = {isa = PBXBuildFile; fileRef = 1FD564682B75441400F4E552 /* Assets.xcassets */; };
		1FD5646C2B75441400F4E552 /* Preview Assets.xcassets in Resources */ = {isa = PBXBuildFile; fileRef = 1FD5646B2B75441400F4E552 /* Preview Assets.xcassets */; };
		1FD564732B754A8E00F4E552 /* GoogleService-Info.plist in Resources */ = {isa = PBXBuildFile; fileRef = 1FD564722B754A8E00F4E552 /* GoogleService-Info.plist */; };
		1FD564762B754DBC00F4E552 /* FirebaseAnalytics in Frameworks */ = {isa = PBXBuildFile; productRef = 1FD564752B754DBC00F4E552 /* FirebaseAnalytics */; };
		1FD564782B754DBC00F4E552 /* FirebaseAnalyticsOnDeviceConversion in Frameworks */ = {isa = PBXBuildFile; productRef = 1FD564772B754DBC00F4E552 /* FirebaseAnalyticsOnDeviceConversion */; };
		1FD5647A2B754DBC00F4E552 /* FirebaseAnalyticsSwift in Frameworks */ = {isa = PBXBuildFile; productRef = 1FD564792B754DBC00F4E552 /* FirebaseAnalyticsSwift */; };
		1FD5647C2B754DBC00F4E552 /* FirebaseAnalyticsWithoutAdIdSupport in Frameworks */ = {isa = PBXBuildFile; productRef = 1FD5647B2B754DBC00F4E552 /* FirebaseAnalyticsWithoutAdIdSupport */; };
		1FD5647E2B754DBC00F4E552 /* FirebaseAppCheck in Frameworks */ = {isa = PBXBuildFile; productRef = 1FD5647D2B754DBC00F4E552 /* FirebaseAppCheck */; };
		1FD564802B754DBC00F4E552 /* FirebaseAppDistribution-Beta in Frameworks */ = {isa = PBXBuildFile; productRef = 1FD5647F2B754DBC00F4E552 /* FirebaseAppDistribution-Beta */; };
		1FD564822B754DBC00F4E552 /* FirebaseAuth in Frameworks */ = {isa = PBXBuildFile; productRef = 1FD564812B754DBC00F4E552 /* FirebaseAuth */; };
		1FD564842B754DBC00F4E552 /* FirebaseAuthCombine-Community in Frameworks */ = {isa = PBXBuildFile; productRef = 1FD564832B754DBC00F4E552 /* FirebaseAuthCombine-Community */; };
		1FD564862B754DBC00F4E552 /* FirebaseCrashlytics in Frameworks */ = {isa = PBXBuildFile; productRef = 1FD564852B754DBC00F4E552 /* FirebaseCrashlytics */; };
		1FD564882B754DBC00F4E552 /* FirebaseDatabase in Frameworks */ = {isa = PBXBuildFile; productRef = 1FD564872B754DBC00F4E552 /* FirebaseDatabase */; };
		1FD5648A2B754DBC00F4E552 /* FirebaseDatabaseSwift in Frameworks */ = {isa = PBXBuildFile; productRef = 1FD564892B754DBC00F4E552 /* FirebaseDatabaseSwift */; };
		1FD5648C2B754DBC00F4E552 /* FirebaseDynamicLinks in Frameworks */ = {isa = PBXBuildFile; productRef = 1FD5648B2B754DBC00F4E552 /* FirebaseDynamicLinks */; };
		1FD5648E2B754DBC00F4E552 /* FirebaseFirestore in Frameworks */ = {isa = PBXBuildFile; productRef = 1FD5648D2B754DBC00F4E552 /* FirebaseFirestore */; };
		1FD564902B754DBC00F4E552 /* FirebaseFirestoreCombine-Community in Frameworks */ = {isa = PBXBuildFile; productRef = 1FD5648F2B754DBC00F4E552 /* FirebaseFirestoreCombine-Community */; };
		1FD564922B754DBC00F4E552 /* FirebaseFirestoreSwift in Frameworks */ = {isa = PBXBuildFile; productRef = 1FD564912B754DBC00F4E552 /* FirebaseFirestoreSwift */; };
		1FD564942B754DBC00F4E552 /* FirebaseFunctions in Frameworks */ = {isa = PBXBuildFile; productRef = 1FD564932B754DBC00F4E552 /* FirebaseFunctions */; };
		1FD564962B754DBC00F4E552 /* FirebaseFunctionsCombine-Community in Frameworks */ = {isa = PBXBuildFile; productRef = 1FD564952B754DBC00F4E552 /* FirebaseFunctionsCombine-Community */; };
		1FD564982B754DBC00F4E552 /* FirebaseInAppMessaging-Beta in Frameworks */ = {isa = PBXBuildFile; productRef = 1FD564972B754DBC00F4E552 /* FirebaseInAppMessaging-Beta */; };
		1FD5649A2B754DBC00F4E552 /* FirebaseInAppMessagingSwift-Beta in Frameworks */ = {isa = PBXBuildFile; productRef = 1FD564992B754DBC00F4E552 /* FirebaseInAppMessagingSwift-Beta */; };
		1FD5649C2B754DBC00F4E552 /* FirebaseInstallations in Frameworks */ = {isa = PBXBuildFile; productRef = 1FD5649B2B754DBC00F4E552 /* FirebaseInstallations */; };
		1FD5649E2B754DBC00F4E552 /* FirebaseMLModelDownloader in Frameworks */ = {isa = PBXBuildFile; productRef = 1FD5649D2B754DBC00F4E552 /* FirebaseMLModelDownloader */; };
		1FD564A02B754DBC00F4E552 /* FirebaseMessaging in Frameworks */ = {isa = PBXBuildFile; productRef = 1FD5649F2B754DBC00F4E552 /* FirebaseMessaging */; };
		1FD564A22B754DBC00F4E552 /* FirebasePerformance in Frameworks */ = {isa = PBXBuildFile; productRef = 1FD564A12B754DBC00F4E552 /* FirebasePerformance */; };
		1FD564A42B754DBC00F4E552 /* FirebaseRemoteConfig in Frameworks */ = {isa = PBXBuildFile; productRef = 1FD564A32B754DBC00F4E552 /* FirebaseRemoteConfig */; };
		1FD564A62B754DBC00F4E552 /* FirebaseRemoteConfigSwift in Frameworks */ = {isa = PBXBuildFile; productRef = 1FD564A52B754DBC00F4E552 /* FirebaseRemoteConfigSwift */; };
		1FD564A82B754DBC00F4E552 /* FirebaseStorage in Frameworks */ = {isa = PBXBuildFile; productRef = 1FD564A72B754DBC00F4E552 /* FirebaseStorage */; };
		1FD564AA2B754DBC00F4E552 /* FirebaseStorageCombine-Community in Frameworks */ = {isa = PBXBuildFile; productRef = 1FD564A92B754DBC00F4E552 /* FirebaseStorageCombine-Community */; };
/* End PBXBuildFile section */

/* Begin PBXFileReference section */
		1F8D8CFD2B767AE800B08F72 /* ProfileView.swift */ = {isa = PBXFileReference; lastKnownFileType = sourcecode.swift; path = ProfileView.swift; sourceTree = "<group>"; };
		1F8D8CFF2B767B2F00B08F72 /* ToDoListItemView.swift */ = {isa = PBXFileReference; lastKnownFileType = sourcecode.swift; path = ToDoListItemView.swift; sourceTree = "<group>"; };
		1F8D8D012B767B5F00B08F72 /* NewItemView.swift */ = {isa = PBXFileReference; lastKnownFileType = sourcecode.swift; path = NewItemView.swift; sourceTree = "<group>"; };
		1F8D8D032B767BAA00B08F72 /* LoginView.swift */ = {isa = PBXFileReference; lastKnownFileType = sourcecode.swift; path = LoginView.swift; sourceTree = "<group>"; };
		1F8D8D052B767BBC00B08F72 /* RegistrationView.swift */ = {isa = PBXFileReference; lastKnownFileType = sourcecode.swift; path = RegistrationView.swift; sourceTree = "<group>"; };
		1F8D8D072B767C2800B08F72 /* TodoListView.swift */ = {isa = PBXFileReference; lastKnownFileType = sourcecode.swift; path = TodoListView.swift; sourceTree = "<group>"; };
		1F8D8D092B767C9C00B08F72 /* User.swift */ = {isa = PBXFileReference; lastKnownFileType = sourcecode.swift; path = User.swift; sourceTree = "<group>"; };
		1F8D8D0B2B767CB900B08F72 /* ToDoListItem.swift */ = {isa = PBXFileReference; lastKnownFileType = sourcecode.swift; path = ToDoListItem.swift; sourceTree = "<group>"; };
		1F8D8D0D2B767D2500B08F72 /* MainViewModel.swift */ = {isa = PBXFileReference; lastKnownFileType = sourcecode.swift; path = MainViewModel.swift; sourceTree = "<group>"; };
		1F8D8D0F2B767D4100B08F72 /* ProfileViewModel.swift */ = {isa = PBXFileReference; lastKnownFileType = sourcecode.swift; path = ProfileViewModel.swift; sourceTree = "<group>"; };
		1F8D8D112B767D7F00B08F72 /* ToDoListItemViewModel.swift */ = {isa = PBXFileReference; lastKnownFileType = sourcecode.swift; path = ToDoListItemViewModel.swift; sourceTree = "<group>"; };
		1F8D8D132B767DB500B08F72 /* NewItemViewModel.swift */ = {isa = PBXFileReference; lastKnownFileType = sourcecode.swift; path = NewItemViewModel.swift; sourceTree = "<group>"; };
		1F8D8D152B767DCB00B08F72 /* LoginViewModel.swift */ = {isa = PBXFileReference; lastKnownFileType = sourcecode.swift; path = LoginViewModel.swift; sourceTree = "<group>"; };
		1F8D8D172B767DE500B08F72 /* RegistrationViewModel.swift */ = {isa = PBXFileReference; lastKnownFileType = sourcecode.swift; path = RegistrationViewModel.swift; sourceTree = "<group>"; };
		1F8D8D192B767E0000B08F72 /* TodoListViewModel.swift */ = {isa = PBXFileReference; lastKnownFileType = sourcecode.swift; path = TodoListViewModel.swift; sourceTree = "<group>"; };
		1F8D8D1B2B76864500B08F72 /* HeaderView.swift */ = {isa = PBXFileReference; lastKnownFileType = sourcecode.swift; path = HeaderView.swift; sourceTree = "<group>"; };
		1FD564612B75441300F4E552 /* ToDoList.app */ = {isa = PBXFileReference; explicitFileType = wrapper.application; includeInIndex = 0; path = ToDoList.app; sourceTree = BUILT_PRODUCTS_DIR; };
		1FD564642B75441300F4E552 /* ToDoListApp.swift */ = {isa = PBXFileReference; lastKnownFileType = sourcecode.swift; path = ToDoListApp.swift; sourceTree = "<group>"; };
		1FD564662B75441300F4E552 /* Mainview.swift */ = {isa = PBXFileReference; lastKnownFileType = sourcecode.swift; path = Mainview.swift; sourceTree = "<group>"; };
		1FD564682B75441400F4E552 /* Assets.xcassets */ = {isa = PBXFileReference; lastKnownFileType = folder.assetcatalog; path = Assets.xcassets; sourceTree = "<group>"; };
		1FD5646B2B75441400F4E552 /* Preview Assets.xcassets */ = {isa = PBXFileReference; lastKnownFileType = folder.assetcatalog; path = "Preview Assets.xcassets"; sourceTree = "<group>"; };
		1FD564722B754A8E00F4E552 /* GoogleService-Info.plist */ = {isa = PBXFileReference; fileEncoding = 4; lastKnownFileType = text.plist.xml; path = "GoogleService-Info.plist"; sourceTree = "<group>"; };
/* End PBXFileReference section */

/* Begin PBXFrameworksBuildPhase section */
		1FD5645E2B75441300F4E552 /* Frameworks */ = {
			isa = PBXFrameworksBuildPhase;
			buildActionMask = 2147483647;
			files = (
				1FD564882B754DBC00F4E552 /* FirebaseDatabase in Frameworks */,
				1FD564962B754DBC00F4E552 /* FirebaseFunctionsCombine-Community in Frameworks */,
				1FD5648E2B754DBC00F4E552 /* FirebaseFirestore in Frameworks */,
				1FD5647A2B754DBC00F4E552 /* FirebaseAnalyticsSwift in Frameworks */,
				1FD564762B754DBC00F4E552 /* FirebaseAnalytics in Frameworks */,
				1FD564782B754DBC00F4E552 /* FirebaseAnalyticsOnDeviceConversion in Frameworks */,
				1FD5649E2B754DBC00F4E552 /* FirebaseMLModelDownloader in Frameworks */,
				1FD564922B754DBC00F4E552 /* FirebaseFirestoreSwift in Frameworks */,
				1FD5647E2B754DBC00F4E552 /* FirebaseAppCheck in Frameworks */,
				1FD5647C2B754DBC00F4E552 /* FirebaseAnalyticsWithoutAdIdSupport in Frameworks */,
				1FD564822B754DBC00F4E552 /* FirebaseAuth in Frameworks */,
				1FD564862B754DBC00F4E552 /* FirebaseCrashlytics in Frameworks */,
				1FD564A62B754DBC00F4E552 /* FirebaseRemoteConfigSwift in Frameworks */,
				1FD564982B754DBC00F4E552 /* FirebaseInAppMessaging-Beta in Frameworks */,
				1FD5648A2B754DBC00F4E552 /* FirebaseDatabaseSwift in Frameworks */,
				1FD564942B754DBC00F4E552 /* FirebaseFunctions in Frameworks */,
				1FD564AA2B754DBC00F4E552 /* FirebaseStorageCombine-Community in Frameworks */,
				1FD564A42B754DBC00F4E552 /* FirebaseRemoteConfig in Frameworks */,
				1FD564802B754DBC00F4E552 /* FirebaseAppDistribution-Beta in Frameworks */,
				1FD564842B754DBC00F4E552 /* FirebaseAuthCombine-Community in Frameworks */,
				1FD564A22B754DBC00F4E552 /* FirebasePerformance in Frameworks */,
				1FD5649A2B754DBC00F4E552 /* FirebaseInAppMessagingSwift-Beta in Frameworks */,
				1FD564A82B754DBC00F4E552 /* FirebaseStorage in Frameworks */,
				1FD5648C2B754DBC00F4E552 /* FirebaseDynamicLinks in Frameworks */,
				1FD564902B754DBC00F4E552 /* FirebaseFirestoreCombine-Community in Frameworks */,
				1FD564A02B754DBC00F4E552 /* FirebaseMessaging in Frameworks */,
				1FD5649C2B754DBC00F4E552 /* FirebaseInstallations in Frameworks */,
			);
			runOnlyForDeploymentPostprocessing = 0;
		};
/* End PBXFrameworksBuildPhase section */

/* Begin PBXGroup section */
		1F8D8CF92B76773F00B08F72 /* Views */ = {
			isa = PBXGroup;
			children = (
				1FD564662B75441300F4E552 /* Mainview.swift */,
				1F8D8CFD2B767AE800B08F72 /* ProfileView.swift */,
				1F8D8D072B767C2800B08F72 /* TodoListView.swift */,
				1F8D8D012B767B5F00B08F72 /* NewItemView.swift */,
				1F8D8D032B767BAA00B08F72 /* LoginView.swift */,
				1F8D8D052B767BBC00B08F72 /* RegistrationView.swift */,
				1F8D8CFF2B767B2F00B08F72 /* ToDoListItemView.swift */,
				1F8D8D1B2B76864500B08F72 /* HeaderView.swift */,
			);
			path = Views;
			sourceTree = "<group>";
		};
		1F8D8CFA2B76778A00B08F72 /* ViewModels */ = {
			isa = PBXGroup;
			children = (
				1F8D8D0D2B767D2500B08F72 /* MainViewModel.swift */,
				1F8D8D0F2B767D4100B08F72 /* ProfileViewModel.swift */,
				1F8D8D192B767E0000B08F72 /* TodoListViewModel.swift */,
				1F8D8D132B767DB500B08F72 /* NewItemViewModel.swift */,
				1F8D8D152B767DCB00B08F72 /* LoginViewModel.swift */,
				1F8D8D172B767DE500B08F72 /* RegistrationViewModel.swift */,
				1F8D8D112B767D7F00B08F72 /* ToDoListItemViewModel.swift */,
			);
			path = ViewModels;
			sourceTree = "<group>";
		};
		1F8D8CFB2B7677CE00B08F72 /* Models */ = {
			isa = PBXGroup;
			children = (
				1F8D8D092B767C9C00B08F72 /* User.swift */,
				1F8D8D0B2B767CB900B08F72 /* ToDoListItem.swift */,
			);
			path = Models;
			sourceTree = "<group>";
		};
		1F8D8CFC2B7677F000B08F72 /* Other */ = {
			isa = PBXGroup;
			children = (
				1FD564682B75441400F4E552 /* Assets.xcassets */,
				1FD564642B75441300F4E552 /* ToDoListApp.swift */,
				1FD564722B754A8E00F4E552 /* GoogleService-Info.plist */,
			);
			path = Other;
			sourceTree = "<group>";
		};
		1FD564582B75441300F4E552 = {
			isa = PBXGroup;
			children = (
				1FD564632B75441300F4E552 /* ToDoList */,
				1FD564622B75441300F4E552 /* Products */,
			);
			sourceTree = "<group>";
		};
		1FD564622B75441300F4E552 /* Products */ = {
			isa = PBXGroup;
			children = (
				1FD564612B75441300F4E552 /* ToDoList.app */,
			);
			name = Products;
			sourceTree = "<group>";
		};
		1FD564632B75441300F4E552 /* ToDoList */ = {
			isa = PBXGroup;
			children = (
				1F8D8CFC2B7677F000B08F72 /* Other */,
				1F8D8CFB2B7677CE00B08F72 /* Models */,
				1F8D8CFA2B76778A00B08F72 /* ViewModels */,
				1F8D8CF92B76773F00B08F72 /* Views */,
				1FD5646A2B75441400F4E552 /* Preview Content */,
			);
			path = ToDoList;
			sourceTree = "<group>";
		};
		1FD5646A2B75441400F4E552 /* Preview Content */ = {
			isa = PBXGroup;
			children = (
				1FD5646B2B75441400F4E552 /* Preview Assets.xcassets */,
			);
			path = "Preview Content";
			sourceTree = "<group>";
		};
/* End PBXGroup section */

/* Begin PBXNativeTarget section */
		1FD564602B75441300F4E552 /* ToDoList */ = {
			isa = PBXNativeTarget;
			buildConfigurationList = 1FD5646F2B75441400F4E552 /* Build configuration list for PBXNativeTarget "ToDoList" */;
			buildPhases = (
				1FD5645D2B75441300F4E552 /* Sources */,
				1FD5645E2B75441300F4E552 /* Frameworks */,
				1FD5645F2B75441300F4E552 /* Resources */,
			);
			buildRules = (
			);
			dependencies = (
			);
			name = ToDoList;
			packageProductDependencies = (
				1FD564752B754DBC00F4E552 /* FirebaseAnalytics */,
				1FD564772B754DBC00F4E552 /* FirebaseAnalyticsOnDeviceConversion */,
				1FD564792B754DBC00F4E552 /* FirebaseAnalyticsSwift */,
				1FD5647B2B754DBC00F4E552 /* FirebaseAnalyticsWithoutAdIdSupport */,
				1FD5647D2B754DBC00F4E552 /* FirebaseAppCheck */,
				1FD5647F2B754DBC00F4E552 /* FirebaseAppDistribution-Beta */,
				1FD564812B754DBC00F4E552 /* FirebaseAuth */,
				1FD564832B754DBC00F4E552 /* FirebaseAuthCombine-Community */,
				1FD564852B754DBC00F4E552 /* FirebaseCrashlytics */,
				1FD564872B754DBC00F4E552 /* FirebaseDatabase */,
				1FD564892B754DBC00F4E552 /* FirebaseDatabaseSwift */,
				1FD5648B2B754DBC00F4E552 /* FirebaseDynamicLinks */,
				1FD5648D2B754DBC00F4E552 /* FirebaseFirestore */,
				1FD5648F2B754DBC00F4E552 /* FirebaseFirestoreCombine-Community */,
				1FD564912B754DBC00F4E552 /* FirebaseFirestoreSwift */,
				1FD564932B754DBC00F4E552 /* FirebaseFunctions */,
				1FD564952B754DBC00F4E552 /* FirebaseFunctionsCombine-Community */,
				1FD564972B754DBC00F4E552 /* FirebaseInAppMessaging-Beta */,
				1FD564992B754DBC00F4E552 /* FirebaseInAppMessagingSwift-Beta */,
				1FD5649B2B754DBC00F4E552 /* FirebaseInstallations */,
				1FD5649D2B754DBC00F4E552 /* FirebaseMLModelDownloader */,
				1FD5649F2B754DBC00F4E552 /* FirebaseMessaging */,
				1FD564A12B754DBC00F4E552 /* FirebasePerformance */,
				1FD564A32B754DBC00F4E552 /* FirebaseRemoteConfig */,
				1FD564A52B754DBC00F4E552 /* FirebaseRemoteConfigSwift */,
				1FD564A72B754DBC00F4E552 /* FirebaseStorage */,
				1FD564A92B754DBC00F4E552 /* FirebaseStorageCombine-Community */,
			);
			productName = ToDoList;
			productReference = 1FD564612B75441300F4E552 /* ToDoList.app */;
			productType = "com.apple.product-type.application";
		};
/* End PBXNativeTarget section */

/* Begin PBXProject section */
		1FD564592B75441300F4E552 /* Project object */ = {
			isa = PBXProject;
			attributes = {
				BuildIndependentTargetsInParallel = 1;
				LastSwiftUpdateCheck = 1520;
				LastUpgradeCheck = 1520;
				TargetAttributes = {
					1FD564602B75441300F4E552 = {
						CreatedOnToolsVersion = 15.2;
					};
				};
			};
			buildConfigurationList = 1FD5645C2B75441300F4E552 /* Build configuration list for PBXProject "ToDoList" */;
			compatibilityVersion = "Xcode 14.0";
			developmentRegion = en;
			hasScannedForEncodings = 0;
			knownRegions = (
				en,
				Base,
			);
			mainGroup = 1FD564582B75441300F4E552;
			packageReferences = (
				1FD564742B754DBC00F4E552 /* XCRemoteSwiftPackageReference "firebase-ios-sdk" */,
			);
			productRefGroup = 1FD564622B75441300F4E552 /* Products */;
			projectDirPath = "";
			projectRoot = "";
			targets = (
				1FD564602B75441300F4E552 /* ToDoList */,
			);
		};
/* End PBXProject section */

/* Begin PBXResourcesBuildPhase section */
		1FD5645F2B75441300F4E552 /* Resources */ = {
			isa = PBXResourcesBuildPhase;
			buildActionMask = 2147483647;
			files = (
				1FD5646C2B75441400F4E552 /* Preview Assets.xcassets in Resources */,
				1FD564692B75441400F4E552 /* Assets.xcassets in Resources */,
				1FD564732B754A8E00F4E552 /* GoogleService-Info.plist in Resources */,
			);
			runOnlyForDeploymentPostprocessing = 0;
		};
/* End PBXResourcesBuildPhase section */

/* Begin PBXSourcesBuildPhase section */
		1FD5645D2B75441300F4E552 /* Sources */ = {
			isa = PBXSourcesBuildPhase;
			buildActionMask = 2147483647;
			files = (
				1F8D8D122B767D7F00B08F72 /* ToDoListItemViewModel.swift in Sources */,
				1F8D8D1C2B76864500B08F72 /* HeaderView.swift in Sources */,
				1F8D8D042B767BAA00B08F72 /* LoginView.swift in Sources */,
				1FD564672B75441300F4E552 /* Mainview.swift in Sources */,
				1F8D8D1A2B767E0000B08F72 /* TodoListViewModel.swift in Sources */,
				1F8D8D0E2B767D2500B08F72 /* MainViewModel.swift in Sources */,
				1F8D8D082B767C2800B08F72 /* TodoListView.swift in Sources */,
				1F8D8D002B767B2F00B08F72 /* ToDoListItemView.swift in Sources */,
				1F8D8D102B767D4100B08F72 /* ProfileViewModel.swift in Sources */,
				1F8D8D062B767BBC00B08F72 /* RegistrationView.swift in Sources */,
				1F8D8D162B767DCB00B08F72 /* LoginViewModel.swift in Sources */,
				1F8D8D142B767DB500B08F72 /* NewItemViewModel.swift in Sources */,
				1F8D8D0A2B767C9C00B08F72 /* User.swift in Sources */,
				1F8D8CFE2B767AE800B08F72 /* ProfileView.swift in Sources */,
				1FD564652B75441300F4E552 /* ToDoListApp.swift in Sources */,
				1F8D8D182B767DE500B08F72 /* RegistrationViewModel.swift in Sources */,
				1F8D8D0C2B767CB900B08F72 /* ToDoListItem.swift in Sources */,
				1F8D8D022B767B5F00B08F72 /* NewItemView.swift in Sources */,
			);
			runOnlyForDeploymentPostprocessing = 0;
		};
/* End PBXSourcesBuildPhase section */

/* Begin XCBuildConfiguration section */
		1FD5646D2B75441400F4E552 /* Debug */ = {
			isa = XCBuildConfiguration;
			buildSettings = {
				ALWAYS_SEARCH_USER_PATHS = NO;
				ASSETCATALOG_COMPILER_GENERATE_SWIFT_ASSET_SYMBOL_EXTENSIONS = YES;
				CLANG_ANALYZER_NONNULL = YES;
				CLANG_ANALYZER_NUMBER_OBJECT_CONVERSION = YES_AGGRESSIVE;
				CLANG_CXX_LANGUAGE_STANDARD = "gnu++20";
				CLANG_ENABLE_MODULES = YES;
				CLANG_ENABLE_OBJC_ARC = YES;
				CLANG_ENABLE_OBJC_WEAK = YES;
				CLANG_WARN_BLOCK_CAPTURE_AUTORELEASING = YES;
				CLANG_WARN_BOOL_CONVERSION = YES;
				CLANG_WARN_COMMA = YES;
				CLANG_WARN_CONSTANT_CONVERSION = YES;
				CLANG_WARN_DEPRECATED_OBJC_IMPLEMENTATIONS = YES;
				CLANG_WARN_DIRECT_OBJC_ISA_USAGE = YES_ERROR;
				CLANG_WARN_DOCUMENTATION_COMMENTS = YES;
				CLANG_WARN_EMPTY_BODY = YES;
				CLANG_WARN_ENUM_CONVERSION = YES;
				CLANG_WARN_INFINITE_RECURSION = YES;
				CLANG_WARN_INT_CONVERSION = YES;
				CLANG_WARN_NON_LITERAL_NULL_CONVERSION = YES;
				CLANG_WARN_OBJC_IMPLICIT_RETAIN_SELF = YES;
				CLANG_WARN_OBJC_LITERAL_CONVERSION = YES;
				CLANG_WARN_OBJC_ROOT_CLASS = YES_ERROR;
				CLANG_WARN_QUOTED_INCLUDE_IN_FRAMEWORK_HEADER = YES;
				CLANG_WARN_RANGE_LOOP_ANALYSIS = YES;
				CLANG_WARN_STRICT_PROTOTYPES = YES;
				CLANG_WARN_SUSPICIOUS_MOVE = YES;
				CLANG_WARN_UNGUARDED_AVAILABILITY = YES_AGGRESSIVE;
				CLANG_WARN_UNREACHABLE_CODE = YES;
				CLANG_WARN__DUPLICATE_METHOD_MATCH = YES;
				COPY_PHASE_STRIP = NO;
				DEBUG_INFORMATION_FORMAT = dwarf;
				ENABLE_STRICT_OBJC_MSGSEND = YES;
				ENABLE_TESTABILITY = YES;
				ENABLE_USER_SCRIPT_SANDBOXING = YES;
				GCC_C_LANGUAGE_STANDARD = gnu17;
				GCC_DYNAMIC_NO_PIC = NO;
				GCC_NO_COMMON_BLOCKS = YES;
				GCC_OPTIMIZATION_LEVEL = 0;
				GCC_PREPROCESSOR_DEFINITIONS = (
					"DEBUG=1",
					"$(inherited)",
				);
				GCC_WARN_64_TO_32_BIT_CONVERSION = YES;
				GCC_WARN_ABOUT_RETURN_TYPE = YES_ERROR;
				GCC_WARN_UNDECLARED_SELECTOR = YES;
				GCC_WARN_UNINITIALIZED_AUTOS = YES_AGGRESSIVE;
				GCC_WARN_UNUSED_FUNCTION = YES;
				GCC_WARN_UNUSED_VARIABLE = YES;
				IPHONEOS_DEPLOYMENT_TARGET = 17.2;
				LOCALIZATION_PREFERS_STRING_CATALOGS = YES;
				MTL_ENABLE_DEBUG_INFO = INCLUDE_SOURCE;
				MTL_FAST_MATH = YES;
				ONLY_ACTIVE_ARCH = YES;
				SDKROOT = iphoneos;
				SWIFT_ACTIVE_COMPILATION_CONDITIONS = "DEBUG $(inherited)";
				SWIFT_OPTIMIZATION_LEVEL = "-Onone";
			};
			name = Debug;
		};
		1FD5646E2B75441400F4E552 /* Release */ = {
			isa = XCBuildConfiguration;
			buildSettings = {
				ALWAYS_SEARCH_USER_PATHS = NO;
				ASSETCATALOG_COMPILER_GENERATE_SWIFT_ASSET_SYMBOL_EXTENSIONS = YES;
				CLANG_ANALYZER_NONNULL = YES;
				CLANG_ANALYZER_NUMBER_OBJECT_CONVERSION = YES_AGGRESSIVE;
				CLANG_CXX_LANGUAGE_STANDARD = "gnu++20";
				CLANG_ENABLE_MODULES = YES;
				CLANG_ENABLE_OBJC_ARC = YES;
				CLANG_ENABLE_OBJC_WEAK = YES;
				CLANG_WARN_BLOCK_CAPTURE_AUTORELEASING = YES;
				CLANG_WARN_BOOL_CONVERSION = YES;
				CLANG_WARN_COMMA = YES;
				CLANG_WARN_CONSTANT_CONVERSION = YES;
				CLANG_WARN_DEPRECATED_OBJC_IMPLEMENTATIONS = YES;
				CLANG_WARN_DIRECT_OBJC_ISA_USAGE = YES_ERROR;
				CLANG_WARN_DOCUMENTATION_COMMENTS = YES;
				CLANG_WARN_EMPTY_BODY = YES;
				CLANG_WARN_ENUM_CONVERSION = YES;
				CLANG_WARN_INFINITE_RECURSION = YES;
				CLANG_WARN_INT_CONVERSION = YES;
				CLANG_WARN_NON_LITERAL_NULL_CONVERSION = YES;
				CLANG_WARN_OBJC_IMPLICIT_RETAIN_SELF = YES;
				CLANG_WARN_OBJC_LITERAL_CONVERSION = YES;
				CLANG_WARN_OBJC_ROOT_CLASS = YES_ERROR;
				CLANG_WARN_QUOTED_INCLUDE_IN_FRAMEWORK_HEADER = YES;
				CLANG_WARN_RANGE_LOOP_ANALYSIS = YES;
				CLANG_WARN_STRICT_PROTOTYPES = YES;
				CLANG_WARN_SUSPICIOUS_MOVE = YES;
				CLANG_WARN_UNGUARDED_AVAILABILITY = YES_AGGRESSIVE;
				CLANG_WARN_UNREACHABLE_CODE = YES;
				CLANG_WARN__DUPLICATE_METHOD_MATCH = YES;
				COPY_PHASE_STRIP = NO;
				DEBUG_INFORMATION_FORMAT = "dwarf-with-dsym";
				ENABLE_NS_ASSERTIONS = NO;
				ENABLE_STRICT_OBJC_MSGSEND = YES;
				ENABLE_USER_SCRIPT_SANDBOXING = YES;
				GCC_C_LANGUAGE_STANDARD = gnu17;
				GCC_NO_COMMON_BLOCKS = YES;
				GCC_WARN_64_TO_32_BIT_CONVERSION = YES;
				GCC_WARN_ABOUT_RETURN_TYPE = YES_ERROR;
				GCC_WARN_UNDECLARED_SELECTOR = YES;
				GCC_WARN_UNINITIALIZED_AUTOS = YES_AGGRESSIVE;
				GCC_WARN_UNUSED_FUNCTION = YES;
				GCC_WARN_UNUSED_VARIABLE = YES;
				IPHONEOS_DEPLOYMENT_TARGET = 17.2;
				LOCALIZATION_PREFERS_STRING_CATALOGS = YES;
				MTL_ENABLE_DEBUG_INFO = NO;
				MTL_FAST_MATH = YES;
				SDKROOT = iphoneos;
				SWIFT_COMPILATION_MODE = wholemodule;
				VALIDATE_PRODUCT = YES;
			};
			name = Release;
		};
		1FD564702B75441400F4E552 /* Debug */ = {
			isa = XCBuildConfiguration;
			buildSettings = {
				ASSETCATALOG_COMPILER_APPICON_NAME = AppIcon;
				ASSETCATALOG_COMPILER_GLOBAL_ACCENT_COLOR_NAME = AccentColor;
				CODE_SIGN_STYLE = Automatic;
				CURRENT_PROJECT_VERSION = 1;
				DEVELOPMENT_ASSET_PATHS = "\"ToDoList/Preview Content\"";
				ENABLE_PREVIEWS = YES;
				GENERATE_INFOPLIST_FILE = YES;
				INFOPLIST_KEY_CFBundleDisplayName = "To Do List";
				INFOPLIST_KEY_UIApplicationSceneManifest_Generation = YES;
				INFOPLIST_KEY_UIApplicationSupportsIndirectInputEvents = YES;
				INFOPLIST_KEY_UILaunchScreen_Generation = YES;
				INFOPLIST_KEY_UISupportedInterfaceOrientations = UIInterfaceOrientationPortrait;
				LD_RUNPATH_SEARCH_PATHS = (
					"$(inherited)",
					"@executable_path/Frameworks",
				);
				MARKETING_VERSION = 1.0;
				PRODUCT_BUNDLE_IDENTIFIER = io.iosAcademy.ToDoList;
				PRODUCT_NAME = "$(TARGET_NAME)";
				SWIFT_EMIT_LOC_STRINGS = YES;
				SWIFT_VERSION = 5.0;
				TARGETED_DEVICE_FAMILY = "1,2";
			};
			name = Debug;
		};
		1FD564712B75441400F4E552 /* Release */ = {
			isa = XCBuildConfiguration;
			buildSettings = {
				ASSETCATALOG_COMPILER_APPICON_NAME = AppIcon;
				ASSETCATALOG_COMPILER_GLOBAL_ACCENT_COLOR_NAME = AccentColor;
				CODE_SIGN_STYLE = Automatic;
				CURRENT_PROJECT_VERSION = 1;
				DEVELOPMENT_ASSET_PATHS = "\"ToDoList/Preview Content\"";
				ENABLE_PREVIEWS = YES;
				GENERATE_INFOPLIST_FILE = YES;
				INFOPLIST_KEY_CFBundleDisplayName = "To Do List";
				INFOPLIST_KEY_UIApplicationSceneManifest_Generation = YES;
				INFOPLIST_KEY_UIApplicationSupportsIndirectInputEvents = YES;
				INFOPLIST_KEY_UILaunchScreen_Generation = YES;
				INFOPLIST_KEY_UISupportedInterfaceOrientations = UIInterfaceOrientationPortrait;
				LD_RUNPATH_SEARCH_PATHS = (
					"$(inherited)",
					"@executable_path/Frameworks",
				);
				MARKETING_VERSION = 1.0;
				PRODUCT_BUNDLE_IDENTIFIER = io.iosAcademy.ToDoList;
				PRODUCT_NAME = "$(TARGET_NAME)";
				SWIFT_EMIT_LOC_STRINGS = YES;
				SWIFT_VERSION = 5.0;
				TARGETED_DEVICE_FAMILY = "1,2";
			};
			name = Release;
		};
/* End XCBuildConfiguration section */

/* Begin XCConfigurationList section */
		1FD5645C2B75441300F4E552 /* Build configuration list for PBXProject "ToDoList" */ = {
			isa = XCConfigurationList;
			buildConfigurations = (
				1FD5646D2B75441400F4E552 /* Debug */,
				1FD5646E2B75441400F4E552 /* Release */,
			);
			defaultConfigurationIsVisible = 0;
			defaultConfigurationName = Release;
		};
		1FD5646F2B75441400F4E552 /* Build configuration list for PBXNativeTarget "ToDoList" */ = {
			isa = XCConfigurationList;
			buildConfigurations = (
				1FD564702B75441400F4E552 /* Debug */,
				1FD564712B75441400F4E552 /* Release */,
			);
			defaultConfigurationIsVisible = 0;
			defaultConfigurationName = Release;
		};
/* End XCConfigurationList section */

/* Begin XCRemoteSwiftPackageReference section */
		1FD564742B754DBC00F4E552 /* XCRemoteSwiftPackageReference "firebase-ios-sdk" */ = {
			isa = XCRemoteSwiftPackageReference;
			repositoryURL = "https://github.com/firebase/firebase-ios-sdk";
			requirement = {
				kind = upToNextMajorVersion;
				minimumVersion = 10.21.0;
			};
		};
/* End XCRemoteSwiftPackageReference section */

/* Begin XCSwiftPackageProductDependency section */
		1FD564752B754DBC00F4E552 /* FirebaseAnalytics */ = {
			isa = XCSwiftPackageProductDependency;
			package = 1FD564742B754DBC00F4E552 /* XCRemoteSwiftPackageReference "firebase-ios-sdk" */;
			productName = FirebaseAnalytics;
		};
		1FD564772B754DBC00F4E552 /* FirebaseAnalyticsOnDeviceConversion */ = {
			isa = XCSwiftPackageProductDependency;
			package = 1FD564742B754DBC00F4E552 /* XCRemoteSwiftPackageReference "firebase-ios-sdk" */;
			productName = FirebaseAnalyticsOnDeviceConversion;
		};
		1FD564792B754DBC00F4E552 /* FirebaseAnalyticsSwift */ = {
			isa = XCSwiftPackageProductDependency;
			package = 1FD564742B754DBC00F4E552 /* XCRemoteSwiftPackageReference "firebase-ios-sdk" */;
			productName = FirebaseAnalyticsSwift;
		};
		1FD5647B2B754DBC00F4E552 /* FirebaseAnalyticsWithoutAdIdSupport */ = {
			isa = XCSwiftPackageProductDependency;
			package = 1FD564742B754DBC00F4E552 /* XCRemoteSwiftPackageReference "firebase-ios-sdk" */;
			productName = FirebaseAnalyticsWithoutAdIdSupport;
		};
		1FD5647D2B754DBC00F4E552 /* FirebaseAppCheck */ = {
			isa = XCSwiftPackageProductDependency;
			package = 1FD564742B754DBC00F4E552 /* XCRemoteSwiftPackageReference "firebase-ios-sdk" */;
			productName = FirebaseAppCheck;
		};
		1FD5647F2B754DBC00F4E552 /* FirebaseAppDistribution-Beta */ = {
			isa = XCSwiftPackageProductDependency;
			package = 1FD564742B754DBC00F4E552 /* XCRemoteSwiftPackageReference "firebase-ios-sdk" */;
			productName = "FirebaseAppDistribution-Beta";
		};
		1FD564812B754DBC00F4E552 /* FirebaseAuth */ = {
			isa = XCSwiftPackageProductDependency;
			package = 1FD564742B754DBC00F4E552 /* XCRemoteSwiftPackageReference "firebase-ios-sdk" */;
			productName = FirebaseAuth;
		};
		1FD564832B754DBC00F4E552 /* FirebaseAuthCombine-Community */ = {
			isa = XCSwiftPackageProductDependency;
			package = 1FD564742B754DBC00F4E552 /* XCRemoteSwiftPackageReference "firebase-ios-sdk" */;
			productName = "FirebaseAuthCombine-Community";
		};
		1FD564852B754DBC00F4E552 /* FirebaseCrashlytics */ = {
			isa = XCSwiftPackageProductDependency;
			package = 1FD564742B754DBC00F4E552 /* XCRemoteSwiftPackageReference "firebase-ios-sdk" */;
			productName = FirebaseCrashlytics;
		};
		1FD564872B754DBC00F4E552 /* FirebaseDatabase */ = {
			isa = XCSwiftPackageProductDependency;
			package = 1FD564742B754DBC00F4E552 /* XCRemoteSwiftPackageReference "firebase-ios-sdk" */;
			productName = FirebaseDatabase;
		};
		1FD564892B754DBC00F4E552 /* FirebaseDatabaseSwift */ = {
			isa = XCSwiftPackageProductDependency;
			package = 1FD564742B754DBC00F4E552 /* XCRemoteSwiftPackageReference "firebase-ios-sdk" */;
			productName = FirebaseDatabaseSwift;
		};
		1FD5648B2B754DBC00F4E552 /* FirebaseDynamicLinks */ = {
			isa = XCSwiftPackageProductDependency;
			package = 1FD564742B754DBC00F4E552 /* XCRemoteSwiftPackageReference "firebase-ios-sdk" */;
			productName = FirebaseDynamicLinks;
		};
		1FD5648D2B754DBC00F4E552 /* FirebaseFirestore */ = {
			isa = XCSwiftPackageProductDependency;
			package = 1FD564742B754DBC00F4E552 /* XCRemoteSwiftPackageReference "firebase-ios-sdk" */;
			productName = FirebaseFirestore;
		};
		1FD5648F2B754DBC00F4E552 /* FirebaseFirestoreCombine-Community */ = {
			isa = XCSwiftPackageProductDependency;
			package = 1FD564742B754DBC00F4E552 /* XCRemoteSwiftPackageReference "firebase-ios-sdk" */;
			productName = "FirebaseFirestoreCombine-Community";
		};
		1FD564912B754DBC00F4E552 /* FirebaseFirestoreSwift */ = {
			isa = XCSwiftPackageProductDependency;
			package = 1FD564742B754DBC00F4E552 /* XCRemoteSwiftPackageReference "firebase-ios-sdk" */;
			productName = FirebaseFirestoreSwift;
		};
		1FD564932B754DBC00F4E552 /* FirebaseFunctions */ = {
			isa = XCSwiftPackageProductDependency;
			package = 1FD564742B754DBC00F4E552 /* XCRemoteSwiftPackageReference "firebase-ios-sdk" */;
			productName = FirebaseFunctions;
		};
		1FD564952B754DBC00F4E552 /* FirebaseFunctionsCombine-Community */ = {
			isa = XCSwiftPackageProductDependency;
			package = 1FD564742B754DBC00F4E552 /* XCRemoteSwiftPackageReference "firebase-ios-sdk" */;
			productName = "FirebaseFunctionsCombine-Community";
		};
		1FD564972B754DBC00F4E552 /* FirebaseInAppMessaging-Beta */ = {
			isa = XCSwiftPackageProductDependency;
			package = 1FD564742B754DBC00F4E552 /* XCRemoteSwiftPackageReference "firebase-ios-sdk" */;
			productName = "FirebaseInAppMessaging-Beta";
		};
		1FD564992B754DBC00F4E552 /* FirebaseInAppMessagingSwift-Beta */ = {
			isa = XCSwiftPackageProductDependency;
			package = 1FD564742B754DBC00F4E552 /* XCRemoteSwiftPackageReference "firebase-ios-sdk" */;
			productName = "FirebaseInAppMessagingSwift-Beta";
		};
		1FD5649B2B754DBC00F4E552 /* FirebaseInstallations */ = {
			isa = XCSwiftPackageProductDependency;
			package = 1FD564742B754DBC00F4E552 /* XCRemoteSwiftPackageReference "firebase-ios-sdk" */;
			productName = FirebaseInstallations;
		};
		1FD5649D2B754DBC00F4E552 /* FirebaseMLModelDownloader */ = {
			isa = XCSwiftPackageProductDependency;
			package = 1FD564742B754DBC00F4E552 /* XCRemoteSwiftPackageReference "firebase-ios-sdk" */;
			productName = FirebaseMLModelDownloader;
		};
		1FD5649F2B754DBC00F4E552 /* FirebaseMessaging */ = {
			isa = XCSwiftPackageProductDependency;
			package = 1FD564742B754DBC00F4E552 /* XCRemoteSwiftPackageReference "firebase-ios-sdk" */;
			productName = FirebaseMessaging;
		};
		1FD564A12B754DBC00F4E552 /* FirebasePerformance */ = {
			isa = XCSwiftPackageProductDependency;
			package = 1FD564742B754DBC00F4E552 /* XCRemoteSwiftPackageReference "firebase-ios-sdk" */;
			productName = FirebasePerformance;
		};
		1FD564A32B754DBC00F4E552 /* FirebaseRemoteConfig */ = {
			isa = XCSwiftPackageProductDependency;
			package = 1FD564742B754DBC00F4E552 /* XCRemoteSwiftPackageReference "firebase-ios-sdk" */;
			productName = FirebaseRemoteConfig;
		};
		1FD564A52B754DBC00F4E552 /* FirebaseRemoteConfigSwift */ = {
			isa = XCSwiftPackageProductDependency;
			package = 1FD564742B754DBC00F4E552 /* XCRemoteSwiftPackageReference "firebase-ios-sdk" */;
			productName = FirebaseRemoteConfigSwift;
		};
		1FD564A72B754DBC00F4E552 /* FirebaseStorage */ = {
			isa = XCSwiftPackageProductDependency;
			package = 1FD564742B754DBC00F4E552 /* XCRemoteSwiftPackageReference "firebase-ios-sdk" */;
			productName = FirebaseStorage;
		};
		1FD564A92B754DBC00F4E552 /* FirebaseStorageCombine-Community */ = {
			isa = XCSwiftPackageProductDependency;
			package = 1FD564742B754DBC00F4E552 /* XCRemoteSwiftPackageReference "firebase-ios-sdk" */;
			productName = "FirebaseStorageCombine-Community";
		};
/* End XCSwiftPackageProductDependency section */
	};
	rootObject = 1FD564592B75441300F4E552 /* Project object */;
}
